
Microsoft Visual Studio Solution File, Format Version 12.00
# Visual Studio Version 17
VisualStudioVersion = 17.4.33205.214
MinimumVisualStudioVersion = 10.0.40219.1
Project("{FAE04EC0-301F-11D3-BF4B-00C04F79EFBC}") = "WebAPI", "WebAPI\WebAPI.csproj", "{16EDAE89-A172-49CD-B8EE-C145680E23ED}"
EndProject
Global
	GlobalSection(SolutionConfigurationPlatforms) = preSolution
		Debug|Any CPU = Debug|Any CPU
		Release|Any CPU = Release|Any CPU
	EndGlobalSection
	GlobalSection(ProjectConfigurationPlatforms) = postSolution
		{16EDAE89-A172-49CD-B8EE-C145680E23ED}.Debug|Any CPU.ActiveCfg = Debug|Any CPU
		{16EDAE89-A172-49CD-B8EE-C145680E23ED}.Debug|Any CPU.Build.0 = Debug|Any CPU
		{16EDAE89-A172-49CD-B8EE-C145680E23ED}.Release|Any CPU.ActiveCfg = Release|Any CPU
		{16EDAE89-A172-49CD-B8EE-C145680E23ED}.Release|Any CPU.Build.0 = Release|Any CPU
	EndGlobalSection
	GlobalSection(SolutionProperties) = preSolution
		HideSolutionNode = FALSE
	EndGlobalSection
	GlobalSection(ExtensibilityGlobals) = postSolution
		SolutionGuid = {DCB80DA1-3A64-4AA9-A277-D802EACD47A4}
	EndGlobalSection
EndGlobal
